
Microsoft Visual Studio Solution File, Format Version 11.00
# Visual Studio 2010
Project("{8BC9CEB8-8B4A-11D0-8D11-00A0C91BC942}") = "9_菱形.c", "9_菱形.c\9_菱形.c.vcxproj", "{EAE6B6F1-F6F3-482C-A8C1-25925B078453}"
EndProject
Global
	GlobalSection(SolutionConfigurationPlatforms) = preSolution
		Debug|Win32 = Debug|Win32
		Release|Win32 = Release|Win32
	EndGlobalSection
	GlobalSection(ProjectConfigurationPlatforms) = postSolution
		{EAE6B6F1-F6F3-482C-A8C1-25925B078453}.Debug|Win32.ActiveCfg = Debug|Win32
		{EAE6B6F1-F6F3-482C-A8C1-25925B078453}.Debug|Win32.Build.0 = Debug|Win32
		{EAE6B6F1-F6F3-482C-A8C1-25925B078453}.Release|Win32.ActiveCfg = Release|Win32
		{EAE6B6F1-F6F3-482C-A8C1-25925B078453}.Release|Win32.Build.0 = Release|Win32
	EndGlobalSection
	GlobalSection(SolutionProperties) = preSolution
		HideSolutionNode = FALSE
	EndGlobalSection
EndGlobal
