
Microsoft Visual Studio Solution File, Format Version 11.00
# Visual Studio 2010
Project("{8BC9CEB8-8B4A-11D0-8D11-00A0C91BC942}") = "第十章随机读写数据文件", "第十章随机读写数据文件\第十章随机读写数据文件.vcxproj", "{F5299646-C32E-4D9D-9904-15704E556CCD}"
EndProject
Global
	GlobalSection(SolutionConfigurationPlatforms) = preSolution
		Debug|Win32 = Debug|Win32
		Release|Win32 = Release|Win32
	EndGlobalSection
	GlobalSection(ProjectConfigurationPlatforms) = postSolution
		{F5299646-C32E-4D9D-9904-15704E556CCD}.Debug|Win32.ActiveCfg = Debug|Win32
		{F5299646-C32E-4D9D-9904-15704E556CCD}.Debug|Win32.Build.0 = Debug|Win32
		{F5299646-C32E-4D9D-9904-15704E556CCD}.Release|Win32.ActiveCfg = Release|Win32
		{F5299646-C32E-4D9D-9904-15704E556CCD}.Release|Win32.Build.0 = Release|Win32
	EndGlobalSection
	GlobalSection(SolutionProperties) = preSolution
		HideSolutionNode = FALSE
	EndGlobalSection
EndGlobal
