
Microsoft Visual Studio Solution File, Format Version 11.00
# Visual Studio 2010
Project("{8BC9CEB8-8B4A-11D0-8D11-00A0C91BC942}") = "31_输入一行字符统计多少单词.c", "31_输入一行字符统计多少单词.c\31_输入一行字符统计多少单词.c.vcxproj", "{715ADAC9-0DEF-476F-9F66-56ABE1B8E6A2}"
EndProject
Global
	GlobalSection(SolutionConfigurationPlatforms) = preSolution
		Debug|Win32 = Debug|Win32
		Release|Win32 = Release|Win32
	EndGlobalSection
	GlobalSection(ProjectConfigurationPlatforms) = postSolution
		{715ADAC9-0DEF-476F-9F66-56ABE1B8E6A2}.Debug|Win32.ActiveCfg = Debug|Win32
		{715ADAC9-0DEF-476F-9F66-56ABE1B8E6A2}.Debug|Win32.Build.0 = Debug|Win32
		{715ADAC9-0DEF-476F-9F66-56ABE1B8E6A2}.Release|Win32.ActiveCfg = Release|Win32
		{715ADAC9-0DEF-476F-9F66-56ABE1B8E6A2}.Release|Win32.Build.0 = Release|Win32
	EndGlobalSection
	GlobalSection(SolutionProperties) = preSolution
		HideSolutionNode = FALSE
	EndGlobalSection
EndGlobal
