
Microsoft Visual Studio Solution File, Format Version 11.00
# Visual Studio 2010
Project("{8BC9CEB8-8B4A-11D0-8D11-00A0C91BC942}") = "输入一组实数求前10个整数的平均值", "输入一组实数求前10个整数的平均值\输入一组实数求前10个整数的平均值.vcxproj", "{61B9ADF2-A8B7-4874-A982-BFE737DCC927}"
EndProject
Global
	GlobalSection(SolutionConfigurationPlatforms) = preSolution
		Debug|Win32 = Debug|Win32
		Release|Win32 = Release|Win32
	EndGlobalSection
	GlobalSection(ProjectConfigurationPlatforms) = postSolution
		{61B9ADF2-A8B7-4874-A982-BFE737DCC927}.Debug|Win32.ActiveCfg = Debug|Win32
		{61B9ADF2-A8B7-4874-A982-BFE737DCC927}.Debug|Win32.Build.0 = Debug|Win32
		{61B9ADF2-A8B7-4874-A982-BFE737DCC927}.Release|Win32.ActiveCfg = Release|Win32
		{61B9ADF2-A8B7-4874-A982-BFE737DCC927}.Release|Win32.Build.0 = Release|Win32
	EndGlobalSection
	GlobalSection(SolutionProperties) = preSolution
		HideSolutionNode = FALSE
	EndGlobalSection
EndGlobal
