
Microsoft Visual Studio Solution File, Format Version 11.00
# Visual Studio 2010
Project("{8BC9CEB8-8B4A-11D0-8D11-00A0C91BC942}") = "10个评委给歌手打分，去掉一个最高分，一个最低分，求平均分", "10个评委给歌手打分，去掉一个最高分，一个最低分，求平均分\10个评委给歌手打分，去掉一个最高分，一个最低分，求平均分.vcxproj", "{C0AD2755-4ED3-4F86-899D-6B77A4555D32}"
EndProject
Global
	GlobalSection(SolutionConfigurationPlatforms) = preSolution
		Debug|Win32 = Debug|Win32
		Release|Win32 = Release|Win32
	EndGlobalSection
	GlobalSection(ProjectConfigurationPlatforms) = postSolution
		{C0AD2755-4ED3-4F86-899D-6B77A4555D32}.Debug|Win32.ActiveCfg = Debug|Win32
		{C0AD2755-4ED3-4F86-899D-6B77A4555D32}.Debug|Win32.Build.0 = Debug|Win32
		{C0AD2755-4ED3-4F86-899D-6B77A4555D32}.Release|Win32.ActiveCfg = Release|Win32
		{C0AD2755-4ED3-4F86-899D-6B77A4555D32}.Release|Win32.Build.0 = Release|Win32
	EndGlobalSection
	GlobalSection(SolutionProperties) = preSolution
		HideSolutionNode = FALSE
	EndGlobalSection
EndGlobal
