
Microsoft Visual Studio Solution File, Format Version 11.00
# Visual Studio 2010
Project("{8BC9CEB8-8B4A-11D0-8D11-00A0C91BC942}") = "实验报告六(4)", "实验报告六(4)\实验报告六(4).vcxproj", "{AD954C8B-06C1-435C-93A7-C9B03938EFC7}"
EndProject
Global
	GlobalSection(SolutionConfigurationPlatforms) = preSolution
		Debug|Win32 = Debug|Win32
		Release|Win32 = Release|Win32
	EndGlobalSection
	GlobalSection(ProjectConfigurationPlatforms) = postSolution
		{AD954C8B-06C1-435C-93A7-C9B03938EFC7}.Debug|Win32.ActiveCfg = Debug|Win32
		{AD954C8B-06C1-435C-93A7-C9B03938EFC7}.Debug|Win32.Build.0 = Debug|Win32
		{AD954C8B-06C1-435C-93A7-C9B03938EFC7}.Release|Win32.ActiveCfg = Release|Win32
		{AD954C8B-06C1-435C-93A7-C9B03938EFC7}.Release|Win32.Build.0 = Release|Win32
	EndGlobalSection
	GlobalSection(SolutionProperties) = preSolution
		HideSolutionNode = FALSE
	EndGlobalSection
EndGlobal
