
Microsoft Visual Studio Solution File, Format Version 11.00
# Visual Studio 2010
Project("{8BC9CEB8-8B4A-11D0-8D11-00A0C91BC942}") = "10_菱形2.c", "10_菱形2.c\10_菱形2.c.vcxproj", "{6B83191F-7F21-4B8E-919B-795B19BB1547}"
EndProject
Global
	GlobalSection(SolutionConfigurationPlatforms) = preSolution
		Debug|Win32 = Debug|Win32
		Release|Win32 = Release|Win32
	EndGlobalSection
	GlobalSection(ProjectConfigurationPlatforms) = postSolution
		{6B83191F-7F21-4B8E-919B-795B19BB1547}.Debug|Win32.ActiveCfg = Debug|Win32
		{6B83191F-7F21-4B8E-919B-795B19BB1547}.Debug|Win32.Build.0 = Debug|Win32
		{6B83191F-7F21-4B8E-919B-795B19BB1547}.Release|Win32.ActiveCfg = Release|Win32
		{6B83191F-7F21-4B8E-919B-795B19BB1547}.Release|Win32.Build.0 = Release|Win32
	EndGlobalSection
	GlobalSection(SolutionProperties) = preSolution
		HideSolutionNode = FALSE
	EndGlobalSection
EndGlobal
