
Microsoft Visual Studio Solution File, Format Version 11.00
# Visual Studio 2010
Project("{8BC9CEB8-8B4A-11D0-8D11-00A0C91BC942}") = "26_矩阵中行列互换.c", "26_矩阵中行列互换.c\26_矩阵中行列互换.c.vcxproj", "{FEF4D568-CC62-4EEF-816F-6A52463A640B}"
EndProject
Global
	GlobalSection(SolutionConfigurationPlatforms) = preSolution
		Debug|Win32 = Debug|Win32
		Release|Win32 = Release|Win32
	EndGlobalSection
	GlobalSection(ProjectConfigurationPlatforms) = postSolution
		{FEF4D568-CC62-4EEF-816F-6A52463A640B}.Debug|Win32.ActiveCfg = Debug|Win32
		{FEF4D568-CC62-4EEF-816F-6A52463A640B}.Debug|Win32.Build.0 = Debug|Win32
		{FEF4D568-CC62-4EEF-816F-6A52463A640B}.Release|Win32.ActiveCfg = Release|Win32
		{FEF4D568-CC62-4EEF-816F-6A52463A640B}.Release|Win32.Build.0 = Release|Win32
	EndGlobalSection
	GlobalSection(SolutionProperties) = preSolution
		HideSolutionNode = FALSE
	EndGlobalSection
EndGlobal
