
Microsoft Visual Studio Solution File, Format Version 11.00
# Visual Studio 2010
Project("{8BC9CEB8-8B4A-11D0-8D11-00A0C91BC942}") = "3种方法实现3x3矩阵的转置", "3种方法实现3x3矩阵的转置\3种方法实现3x3矩阵的转置.vcxproj", "{F53A8015-0DC9-452E-9558-EED101B85748}"
EndProject
Global
	GlobalSection(SolutionConfigurationPlatforms) = preSolution
		Debug|Win32 = Debug|Win32
		Release|Win32 = Release|Win32
	EndGlobalSection
	GlobalSection(ProjectConfigurationPlatforms) = postSolution
		{F53A8015-0DC9-452E-9558-EED101B85748}.Debug|Win32.ActiveCfg = Debug|Win32
		{F53A8015-0DC9-452E-9558-EED101B85748}.Debug|Win32.Build.0 = Debug|Win32
		{F53A8015-0DC9-452E-9558-EED101B85748}.Release|Win32.ActiveCfg = Release|Win32
		{F53A8015-0DC9-452E-9558-EED101B85748}.Release|Win32.Build.0 = Release|Win32
	EndGlobalSection
	GlobalSection(SolutionProperties) = preSolution
		HideSolutionNode = FALSE
	EndGlobalSection
EndGlobal
