
Microsoft Visual Studio Solution File, Format Version 11.00
# Visual Studio 2010
Project("{8BC9CEB8-8B4A-11D0-8D11-00A0C91BC942}") = "30_星号平行四边形.c", "30_星号平行四边形.c\30_星号平行四边形.c.vcxproj", "{44BB2F9A-993C-4E4B-95E5-4A2CA5CA25A5}"
EndProject
Global
	GlobalSection(SolutionConfigurationPlatforms) = preSolution
		Debug|Win32 = Debug|Win32
		Release|Win32 = Release|Win32
	EndGlobalSection
	GlobalSection(ProjectConfigurationPlatforms) = postSolution
		{44BB2F9A-993C-4E4B-95E5-4A2CA5CA25A5}.Debug|Win32.ActiveCfg = Debug|Win32
		{44BB2F9A-993C-4E4B-95E5-4A2CA5CA25A5}.Debug|Win32.Build.0 = Debug|Win32
		{44BB2F9A-993C-4E4B-95E5-4A2CA5CA25A5}.Release|Win32.ActiveCfg = Release|Win32
		{44BB2F9A-993C-4E4B-95E5-4A2CA5CA25A5}.Release|Win32.Build.0 = Release|Win32
	EndGlobalSection
	GlobalSection(SolutionProperties) = preSolution
		HideSolutionNode = FALSE
	EndGlobalSection
EndGlobal
