
Microsoft Visual Studio Solution File, Format Version 11.00
# Visual Studio 2010
Project("{8BC9CEB8-8B4A-11D0-8D11-00A0C91BC942}") = "23_第六章用一维数组输出斐波那契数列.c", "23_第六章用一维数组输出斐波那契数列.c\23_第六章用一维数组输出斐波那契数列.c.vcxproj", "{5CC3DCD7-F79C-4FD6-A34E-7B9765BD8946}"
EndProject
Global
	GlobalSection(SolutionConfigurationPlatforms) = preSolution
		Debug|Win32 = Debug|Win32
		Release|Win32 = Release|Win32
	EndGlobalSection
	GlobalSection(ProjectConfigurationPlatforms) = postSolution
		{5CC3DCD7-F79C-4FD6-A34E-7B9765BD8946}.Debug|Win32.ActiveCfg = Debug|Win32
		{5CC3DCD7-F79C-4FD6-A34E-7B9765BD8946}.Debug|Win32.Build.0 = Debug|Win32
		{5CC3DCD7-F79C-4FD6-A34E-7B9765BD8946}.Release|Win32.ActiveCfg = Release|Win32
		{5CC3DCD7-F79C-4FD6-A34E-7B9765BD8946}.Release|Win32.Build.0 = Release|Win32
	EndGlobalSection
	GlobalSection(SolutionProperties) = preSolution
		HideSolutionNode = FALSE
	EndGlobalSection
EndGlobal
