
Microsoft Visual Studio Solution File, Format Version 11.00
# Visual Studio 2010
Project("{8BC9CEB8-8B4A-11D0-8D11-00A0C91BC942}") = "2017", "2017\2017.vcxproj", "{3F41F230-466F-43D6-A932-59F9CB622C28}"
EndProject
Global
	GlobalSection(SolutionConfigurationPlatforms) = preSolution
		Debug|Win32 = Debug|Win32
		Release|Win32 = Release|Win32
	EndGlobalSection
	GlobalSection(ProjectConfigurationPlatforms) = postSolution
		{3F41F230-466F-43D6-A932-59F9CB622C28}.Debug|Win32.ActiveCfg = Debug|Win32
		{3F41F230-466F-43D6-A932-59F9CB622C28}.Debug|Win32.Build.0 = Debug|Win32
		{3F41F230-466F-43D6-A932-59F9CB622C28}.Release|Win32.ActiveCfg = Release|Win32
		{3F41F230-466F-43D6-A932-59F9CB622C28}.Release|Win32.Build.0 = Release|Win32
	EndGlobalSection
	GlobalSection(SolutionProperties) = preSolution
		HideSolutionNode = FALSE
	EndGlobalSection
EndGlobal
